// !$*UTF8*$!
{
	archiveVersion = 1;
	classes = {
	};
	objectVersion = 56;
	objects = {

/* Begin PBXBuildFile section */
		281777212A7D86BB00D2EF40 /* SGCircleButton.swift in Sources */ = {isa = PBXBuildFile; fileRef = 281777202A7D86BB00D2EF40 /* SGCircleButton.swift */; };
		281777232A7D916700D2EF40 /* SGAddButton.swift in Sources */ = {isa = PBXBuildFile; fileRef = 281777222A7D916700D2EF40 /* SGAddButton.swift */; };
		2817775B2A7F156C00D2EF40 /* SGSubscriptionPerk.swift in Sources */ = {isa = PBXBuildFile; fileRef = 2817775A2A7F156C00D2EF40 /* SGSubscriptionPerk.swift */; };
		281B516F2A7B045100F4EAFC /* StageGuideApp.swift in Sources */ = {isa = PBXBuildFile; fileRef = 281B516E2A7B045100F4EAFC /* StageGuideApp.swift */; };
		281B51712A7B045100F4EAFC /* ContentView.swift in Sources */ = {isa = PBXBuildFile; fileRef = 281B51702A7B045100F4EAFC /* ContentView.swift */; };
		281B51732A7B045200F4EAFC /* Assets.xcassets in Resources */ = {isa = PBXBuildFile; fileRef = 281B51722A7B045200F4EAFC /* Assets.xcassets */; };
		281B51762A7B045200F4EAFC /* Preview Assets.xcassets in Resources */ = {isa = PBXBuildFile; fileRef = 281B51752A7B045200F4EAFC /* Preview Assets.xcassets */; };
		281B518C2A7B1C7A00F4EAFC /* SGLiveBadge.swift in Sources */ = {isa = PBXBuildFile; fileRef = 281B518B2A7B1C7A00F4EAFC /* SGLiveBadge.swift */; };
		281B51942A7B29E400F4EAFC /* Satoshi-Regular.otf in Resources */ = {isa = PBXBuildFile; fileRef = 281B51902A7B29E400F4EAFC /* Satoshi-Regular.otf */; };
		281B51952A7B29E400F4EAFC /* Satoshi-BoldItalic.otf in Resources */ = {isa = PBXBuildFile; fileRef = 281B51912A7B29E400F4EAFC /* Satoshi-BoldItalic.otf */; };
		281B51962A7B29E400F4EAFC /* Satoshi-Bold.otf in Resources */ = {isa = PBXBuildFile; fileRef = 281B51922A7B29E400F4EAFC /* Satoshi-Bold.otf */; };
		281B51972A7B29E400F4EAFC /* Satoshi-Italic.otf in Resources */ = {isa = PBXBuildFile; fileRef = 281B51932A7B29E400F4EAFC /* Satoshi-Italic.otf */; };
		281B519C2A7B30A400F4EAFC /* CustomFonts.swift in Sources */ = {isa = PBXBuildFile; fileRef = 281B519B2A7B30A400F4EAFC /* CustomFonts.swift */; };
		281B519E2A7B395C00F4EAFC /* Extensions.swift in Sources */ = {isa = PBXBuildFile; fileRef = 281B519D2A7B395C00F4EAFC /* Extensions.swift */; };
		281B51A02A7C6FCA00F4EAFC /* SGButton.swift in Sources */ = {isa = PBXBuildFile; fileRef = 281B519F2A7C6FCA00F4EAFC /* SGButton.swift */; };
		281B51A62A7C837200F4EAFC /* SGPillButton.swift in Sources */ = {isa = PBXBuildFile; fileRef = 281B51A52A7C837200F4EAFC /* SGPillButton.swift */; };
		281B51A92A7C8D2200F4EAFC /* Placeholders.swift in Sources */ = {isa = PBXBuildFile; fileRef = 281B51A82A7C8D2200F4EAFC /* Placeholders.swift */; };
		282EEF9A2A91184B00BE6BE7 /* SGActViewModel.swift in Sources */ = {isa = PBXBuildFile; fileRef = 282EEF992A91184B00BE6BE7 /* SGActViewModel.swift */; };
		283C7AB32AA3693F0021BB3C /* WidgetKit.framework in Frameworks */ = {isa = PBXBuildFile; fileRef = 283C7AB22AA3693F0021BB3C /* WidgetKit.framework */; };
		283C7AB52AA3693F0021BB3C /* SwiftUI.framework in Frameworks */ = {isa = PBXBuildFile; fileRef = 283C7AB42AA3693F0021BB3C /* SwiftUI.framework */; };
		283C7AB82AA3693F0021BB3C /* StageGuideWidgetBundle.swift in Sources */ = {isa = PBXBuildFile; fileRef = 283C7AB72AA3693F0021BB3C /* StageGuideWidgetBundle.swift */; };
		283C7ABA2AA3693F0021BB3C /* StageGuideWidgetLiveActivity.swift in Sources */ = {isa = PBXBuildFile; fileRef = 283C7AB92AA3693F0021BB3C /* StageGuideWidgetLiveActivity.swift */; };
		283C7ABC2AA3693F0021BB3C /* StageGuideWidget.swift in Sources */ = {isa = PBXBuildFile; fileRef = 283C7ABB2AA3693F0021BB3C /* StageGuideWidget.swift */; };
		283C7ABE2AA369400021BB3C /* Assets.xcassets in Resources */ = {isa = PBXBuildFile; fileRef = 283C7ABD2AA369400021BB3C /* Assets.xcassets */; };
		283C7AC22AA369400021BB3C /* StageGuideWidgetExtension.appex in Embed Foundation Extensions */ = {isa = PBXBuildFile; fileRef = 283C7AB02AA3693F0021BB3C /* StageGuideWidgetExtension.appex */; settings = {ATTRIBUTES = (RemoveHeadersOnCopy, ); }; };
		283C7AC82AA36A1F0021BB3C /* LiveScheduleAttributes.swift in Sources */ = {isa = PBXBuildFile; fileRef = 283C7AC72AA36A1F0021BB3C /* LiveScheduleAttributes.swift */; };
		283C7AC92AA36A1F0021BB3C /* LiveScheduleAttributes.swift in Sources */ = {isa = PBXBuildFile; fileRef = 283C7AC72AA36A1F0021BB3C /* LiveScheduleAttributes.swift */; };
		283C7ACB2AA37A2D0021BB3C /* Assets.xcassets in Resources */ = {isa = PBXBuildFile; fileRef = 281B51722A7B045200F4EAFC /* Assets.xcassets */; };
		2867ED8C2A9156D3007065A6 /* SGActDetailSheet.swift in Sources */ = {isa = PBXBuildFile; fileRef = 2867ED8B2A9156D3007065A6 /* SGActDetailSheet.swift */; };
		2867ED8F2A917911007065A6 /* SGReadMore.swift in Sources */ = {isa = PBXBuildFile; fileRef = 2867ED8E2A917911007065A6 /* SGReadMore.swift */; };
		2867ED922A9529A7007065A6 /* FullScheduleView.swift in Sources */ = {isa = PBXBuildFile; fileRef = 2867ED912A9529A7007065A6 /* FullScheduleView.swift */; };
		2867ED942A952A38007065A6 /* SGFeaturedActs.swift in Sources */ = {isa = PBXBuildFile; fileRef = 2867ED932A952A38007065A6 /* SGFeaturedActs.swift */; };
		2867ED992A9697EB007065A6 /* Links.swift in Sources */ = {isa = PBXBuildFile; fileRef = 2867ED982A9697EB007065A6 /* Links.swift */; };
		2867ED9C2A969E41007065A6 /* SGLinkList.swift in Sources */ = {isa = PBXBuildFile; fileRef = 2867ED9B2A969E41007065A6 /* SGLinkList.swift */; };
		2867ED9F2A96A57B007065A6 /* WrappingHStack in Frameworks */ = {isa = PBXBuildFile; productRef = 2867ED9E2A96A57B007065A6 /* WrappingHStack */; };
		2867EDA12A97FA7E007065A6 /* SGTopNav.swift in Sources */ = {isa = PBXBuildFile; fileRef = 2867EDA02A97FA7E007065A6 /* SGTopNav.swift */; };
		2867EDA32A980D3D007065A6 /* SettingsView.swift in Sources */ = {isa = PBXBuildFile; fileRef = 2867EDA22A980D3D007065A6 /* SettingsView.swift */; };
		2878C8C32A99082A00AA14B2 /* YourScheduleView.swift in Sources */ = {isa = PBXBuildFile; fileRef = 2878C8C22A99082A00AA14B2 /* YourScheduleView.swift */; };
		2887768F2A82F78B00326204 /* .gitignore in Resources */ = {isa = PBXBuildFile; fileRef = 2887768E2A82F78B00326204 /* .gitignore */; };
		288776932A8314CB00326204 /* Riverside.xcdatamodeld in Sources */ = {isa = PBXBuildFile; fileRef = 288776912A8314CB00326204 /* Riverside.xcdatamodeld */; };
		288776952A831B7C00326204 /* Riverside.swift in Sources */ = {isa = PBXBuildFile; fileRef = 288776942A831B7C00326204 /* Riverside.swift */; };
		288776992A85743300326204 /* SGLineupSchedule.swift in Sources */ = {isa = PBXBuildFile; fileRef = 288776982A85743300326204 /* SGLineupSchedule.swift */; };
		2887769B2A858A1F00326204 /* Schedules.swift in Sources */ = {isa = PBXBuildFile; fileRef = 2887769A2A858A1F00326204 /* Schedules.swift */; };
		2887769D2A8AB8C200326204 /* SGLineupAlphabetical.swift in Sources */ = {isa = PBXBuildFile; fileRef = 2887769C2A8AB8C200326204 /* SGLineupAlphabetical.swift */; };
		28892D122AA3AA29005B5E16 /* LiveActivityRefresh.swift in Sources */ = {isa = PBXBuildFile; fileRef = 28892D112AA3AA29005B5E16 /* LiveActivityRefresh.swift */; };
		28A2F0502A81BB03006A59DA /* SGAppIconButton.swift in Sources */ = {isa = PBXBuildFile; fileRef = 28A2F04F2A81BB03006A59DA /* SGAppIconButton.swift */; };
		28A2F0522A81C73D006A59DA /* SGActTimeline.swift in Sources */ = {isa = PBXBuildFile; fileRef = 28A2F0512A81C73D006A59DA /* SGActTimeline.swift */; };
		28A2F0592A82DD8C006A59DA /* SGActSchedule.swift in Sources */ = {isa = PBXBuildFile; fileRef = 28A2F0582A82DD8C006A59DA /* SGActSchedule.swift */; };
		28A2F05B2A82E250006A59DA /* SGActFeatured.swift in Sources */ = {isa = PBXBuildFile; fileRef = 28A2F05A2A82E250006A59DA /* SGActFeatured.swift */; };
		28F035542A8C3D9B009719C2 /* SGLineupTimeline.swift in Sources */ = {isa = PBXBuildFile; fileRef = 28F035532A8C3D9B009719C2 /* SGLineupTimeline.swift */; };
		28F035562A8C404B009719C2 /* FestivalModels.swift in Sources */ = {isa = PBXBuildFile; fileRef = 28F035552A8C404B009719C2 /* FestivalModels.swift */; };
		28F777812A9EB8E70073DD93 /* EventInfoView.swift in Sources */ = {isa = PBXBuildFile; fileRef = 28F777802A9EB8E70073DD93 /* EventInfoView.swift */; };
		28F789BA2A8E8E1D00051F5E /* PersistenceController.swift in Sources */ = {isa = PBXBuildFile; fileRef = 28F789B92A8E8E1D00051F5E /* PersistenceController.swift */; };
/* End PBXBuildFile section */

/* Begin PBXContainerItemProxy section */
		283C7AC02AA369400021BB3C /* PBXContainerItemProxy */ = {
			isa = PBXContainerItemProxy;
			containerPortal = 281B51632A7B045100F4EAFC /* Project object */;
			proxyType = 1;
			remoteGlobalIDString = 283C7AAF2AA3693F0021BB3C;
			remoteInfo = StageGuideWidgetExtension;
		};
/* End PBXContainerItemProxy section */

/* Begin PBXCopyFilesBuildPhase section */
		283C7AC32AA369400021BB3C /* Embed Foundation Extensions */ = {
			isa = PBXCopyFilesBuildPhase;
			buildActionMask = 2147483647;
			dstPath = "";
			dstSubfolderSpec = 13;
			files = (
				283C7AC22AA369400021BB3C /* StageGuideWidgetExtension.appex in Embed Foundation Extensions */,
			);
			name = "Embed Foundation Extensions";
			runOnlyForDeploymentPostprocessing = 0;
		};
/* End PBXCopyFilesBuildPhase section */

/* Begin PBXFileReference section */
		281777202A7D86BB00D2EF40 /* SGCircleButton.swift */ = {isa = PBXFileReference; lastKnownFileType = sourcecode.swift; path = SGCircleButton.swift; sourceTree = "<group>"; };
		281777222A7D916700D2EF40 /* SGAddButton.swift */ = {isa = PBXFileReference; lastKnownFileType = sourcecode.swift; path = SGAddButton.swift; sourceTree = "<group>"; };
		2817775A2A7F156C00D2EF40 /* SGSubscriptionPerk.swift */ = {isa = PBXFileReference; lastKnownFileType = sourcecode.swift; path = SGSubscriptionPerk.swift; sourceTree = "<group>"; };
		281B516B2A7B045100F4EAFC /* StageGuide.app */ = {isa = PBXFileReference; explicitFileType = wrapper.application; includeInIndex = 0; path = StageGuide.app; sourceTree = BUILT_PRODUCTS_DIR; };
		281B516E2A7B045100F4EAFC /* StageGuideApp.swift */ = {isa = PBXFileReference; lastKnownFileType = sourcecode.swift; path = StageGuideApp.swift; sourceTree = "<group>"; };
		281B51702A7B045100F4EAFC /* ContentView.swift */ = {isa = PBXFileReference; lastKnownFileType = sourcecode.swift; path = ContentView.swift; sourceTree = "<group>"; };
		281B51722A7B045200F4EAFC /* Assets.xcassets */ = {isa = PBXFileReference; lastKnownFileType = folder.assetcatalog; path = Assets.xcassets; sourceTree = "<group>"; };
		281B51752A7B045200F4EAFC /* Preview Assets.xcassets */ = {isa = PBXFileReference; lastKnownFileType = folder.assetcatalog; path = "Preview Assets.xcassets"; sourceTree = "<group>"; };
		281B518B2A7B1C7A00F4EAFC /* SGLiveBadge.swift */ = {isa = PBXFileReference; lastKnownFileType = sourcecode.swift; path = SGLiveBadge.swift; sourceTree = "<group>"; };
		281B51902A7B29E400F4EAFC /* Satoshi-Regular.otf */ = {isa = PBXFileReference; lastKnownFileType = file; path = "Satoshi-Regular.otf"; sourceTree = "<group>"; };
		281B51912A7B29E400F4EAFC /* Satoshi-BoldItalic.otf */ = {isa = PBXFileReference; lastKnownFileType = file; path = "Satoshi-BoldItalic.otf"; sourceTree = "<group>"; };
		281B51922A7B29E400F4EAFC /* Satoshi-Bold.otf */ = {isa = PBXFileReference; lastKnownFileType = file; path = "Satoshi-Bold.otf"; sourceTree = "<group>"; };
		281B51932A7B29E400F4EAFC /* Satoshi-Italic.otf */ = {isa = PBXFileReference; lastKnownFileType = file; path = "Satoshi-Italic.otf"; sourceTree = "<group>"; };
		281B51982A7B2A8C00F4EAFC /* Info.plist */ = {isa = PBXFileReference; lastKnownFileType = text.plist; path = Info.plist; sourceTree = "<group>"; };
		281B519B2A7B30A400F4EAFC /* CustomFonts.swift */ = {isa = PBXFileReference; lastKnownFileType = sourcecode.swift; path = CustomFonts.swift; sourceTree = "<group>"; };
		281B519D2A7B395C00F4EAFC /* Extensions.swift */ = {isa = PBXFileReference; lastKnownFileType = sourcecode.swift; path = Extensions.swift; sourceTree = "<group>"; };
		281B519F2A7C6FCA00F4EAFC /* SGButton.swift */ = {isa = PBXFileReference; lastKnownFileType = sourcecode.swift; path = SGButton.swift; sourceTree = "<group>"; };
		281B51A52A7C837200F4EAFC /* SGPillButton.swift */ = {isa = PBXFileReference; lastKnownFileType = sourcecode.swift; path = SGPillButton.swift; sourceTree = "<group>"; };
		281B51A82A7C8D2200F4EAFC /* Placeholders.swift */ = {isa = PBXFileReference; lastKnownFileType = sourcecode.swift; path = Placeholders.swift; sourceTree = "<group>"; };
		282EEF992A91184B00BE6BE7 /* SGActViewModel.swift */ = {isa = PBXFileReference; lastKnownFileType = sourcecode.swift; path = SGActViewModel.swift; sourceTree = "<group>"; };
		283C7AB02AA3693F0021BB3C /* StageGuideWidgetExtension.appex */ = {isa = PBXFileReference; explicitFileType = "wrapper.app-extension"; includeInIndex = 0; path = StageGuideWidgetExtension.appex; sourceTree = BUILT_PRODUCTS_DIR; };
		283C7AB22AA3693F0021BB3C /* WidgetKit.framework */ = {isa = PBXFileReference; lastKnownFileType = wrapper.framework; name = WidgetKit.framework; path = System/Library/Frameworks/WidgetKit.framework; sourceTree = SDKROOT; };
		283C7AB42AA3693F0021BB3C /* SwiftUI.framework */ = {isa = PBXFileReference; lastKnownFileType = wrapper.framework; name = SwiftUI.framework; path = System/Library/Frameworks/SwiftUI.framework; sourceTree = SDKROOT; };
		283C7AB72AA3693F0021BB3C /* StageGuideWidgetBundle.swift */ = {isa = PBXFileReference; lastKnownFileType = sourcecode.swift; path = StageGuideWidgetBundle.swift; sourceTree = "<group>"; };
		283C7AB92AA3693F0021BB3C /* StageGuideWidgetLiveActivity.swift */ = {isa = PBXFileReference; lastKnownFileType = sourcecode.swift; path = StageGuideWidgetLiveActivity.swift; sourceTree = "<group>"; };
		283C7ABB2AA3693F0021BB3C /* StageGuideWidget.swift */ = {isa = PBXFileReference; lastKnownFileType = sourcecode.swift; path = StageGuideWidget.swift; sourceTree = "<group>"; };
		283C7ABD2AA369400021BB3C /* Assets.xcassets */ = {isa = PBXFileReference; lastKnownFileType = folder.assetcatalog; path = Assets.xcassets; sourceTree = "<group>"; };
		283C7ABF2AA369400021BB3C /* Info.plist */ = {isa = PBXFileReference; lastKnownFileType = text.plist.xml; path = Info.plist; sourceTree = "<group>"; };
		283C7AC72AA36A1F0021BB3C /* LiveScheduleAttributes.swift */ = {isa = PBXFileReference; lastKnownFileType = sourcecode.swift; path = LiveScheduleAttributes.swift; sourceTree = "<group>"; };
		2867ED8B2A9156D3007065A6 /* SGActDetailSheet.swift */ = {isa = PBXFileReference; lastKnownFileType = sourcecode.swift; path = SGActDetailSheet.swift; sourceTree = "<group>"; };
		2867ED8E2A917911007065A6 /* SGReadMore.swift */ = {isa = PBXFileReference; lastKnownFileType = sourcecode.swift; path = SGReadMore.swift; sourceTree = "<group>"; };
		2867ED912A9529A7007065A6 /* FullScheduleView.swift */ = {isa = PBXFileReference; lastKnownFileType = sourcecode.swift; path = FullScheduleView.swift; sourceTree = "<group>"; };
		2867ED932A952A38007065A6 /* SGFeaturedActs.swift */ = {isa = PBXFileReference; lastKnownFileType = sourcecode.swift; path = SGFeaturedActs.swift; sourceTree = "<group>"; };
		2867ED982A9697EB007065A6 /* Links.swift */ = {isa = PBXFileReference; lastKnownFileType = sourcecode.swift; path = Links.swift; sourceTree = "<group>"; };
		2867ED9B2A969E41007065A6 /* SGLinkList.swift */ = {isa = PBXFileReference; lastKnownFileType = sourcecode.swift; path = SGLinkList.swift; sourceTree = "<group>"; };
		2867EDA02A97FA7E007065A6 /* SGTopNav.swift */ = {isa = PBXFileReference; lastKnownFileType = sourcecode.swift; path = SGTopNav.swift; sourceTree = "<group>"; };
		2867EDA22A980D3D007065A6 /* SettingsView.swift */ = {isa = PBXFileReference; lastKnownFileType = sourcecode.swift; path = SettingsView.swift; sourceTree = "<group>"; };
		2878C8C22A99082A00AA14B2 /* YourScheduleView.swift */ = {isa = PBXFileReference; lastKnownFileType = sourcecode.swift; path = YourScheduleView.swift; sourceTree = "<group>"; };
		2887768E2A82F78B00326204 /* .gitignore */ = {isa = PBXFileReference; lastKnownFileType = text; path = .gitignore; sourceTree = "<group>"; };
		288776922A8314CB00326204 /* Riverside.xcdatamodel */ = {isa = PBXFileReference; lastKnownFileType = wrapper.xcdatamodel; path = Riverside.xcdatamodel; sourceTree = "<group>"; };
		288776942A831B7C00326204 /* Riverside.swift */ = {isa = PBXFileReference; lastKnownFileType = sourcecode.swift; path = Riverside.swift; sourceTree = "<group>"; };
		288776982A85743300326204 /* SGLineupSchedule.swift */ = {isa = PBXFileReference; lastKnownFileType = sourcecode.swift; path = SGLineupSchedule.swift; sourceTree = "<group>"; };
		2887769A2A858A1F00326204 /* Schedules.swift */ = {isa = PBXFileReference; lastKnownFileType = sourcecode.swift; path = Schedules.swift; sourceTree = "<group>"; };
		2887769C2A8AB8C200326204 /* SGLineupAlphabetical.swift */ = {isa = PBXFileReference; lastKnownFileType = sourcecode.swift; path = SGLineupAlphabetical.swift; sourceTree = "<group>"; };
		28892D112AA3AA29005B5E16 /* LiveActivityRefresh.swift */ = {isa = PBXFileReference; lastKnownFileType = sourcecode.swift; path = LiveActivityRefresh.swift; sourceTree = "<group>"; };
		28A2F04F2A81BB03006A59DA /* SGAppIconButton.swift */ = {isa = PBXFileReference; lastKnownFileType = sourcecode.swift; path = SGAppIconButton.swift; sourceTree = "<group>"; };
		28A2F0512A81C73D006A59DA /* SGActTimeline.swift */ = {isa = PBXFileReference; lastKnownFileType = sourcecode.swift; path = SGActTimeline.swift; sourceTree = "<group>"; };
		28A2F0582A82DD8C006A59DA /* SGActSchedule.swift */ = {isa = PBXFileReference; lastKnownFileType = sourcecode.swift; path = SGActSchedule.swift; sourceTree = "<group>"; };
		28A2F05A2A82E250006A59DA /* SGActFeatured.swift */ = {isa = PBXFileReference; lastKnownFileType = sourcecode.swift; path = SGActFeatured.swift; sourceTree = "<group>"; };
		28F035532A8C3D9B009719C2 /* SGLineupTimeline.swift */ = {isa = PBXFileReference; lastKnownFileType = sourcecode.swift; path = SGLineupTimeline.swift; sourceTree = "<group>"; };
		28F035552A8C404B009719C2 /* FestivalModels.swift */ = {isa = PBXFileReference; lastKnownFileType = sourcecode.swift; path = FestivalModels.swift; sourceTree = "<group>"; };
		28F777802A9EB8E70073DD93 /* EventInfoView.swift */ = {isa = PBXFileReference; lastKnownFileType = sourcecode.swift; path = EventInfoView.swift; sourceTree = "<group>"; };
		28F789B92A8E8E1D00051F5E /* PersistenceController.swift */ = {isa = PBXFileReference; lastKnownFileType = sourcecode.swift; path = PersistenceController.swift; sourceTree = "<group>"; };
/* End PBXFileReference section */

/* Begin PBXFrameworksBuildPhase section */
		281B51682A7B045100F4EAFC /* Frameworks */ = {
			isa = PBXFrameworksBuildPhase;
			buildActionMask = 2147483647;
			files = (
				2867ED9F2A96A57B007065A6 /* WrappingHStack in Frameworks */,
			);
			runOnlyForDeploymentPostprocessing = 0;
		};
		283C7AAD2AA3693F0021BB3C /* Frameworks */ = {
			isa = PBXFrameworksBuildPhase;
			buildActionMask = 2147483647;
			files = (
				283C7AB52AA3693F0021BB3C /* SwiftUI.framework in Frameworks */,
				283C7AB32AA3693F0021BB3C /* WidgetKit.framework in Frameworks */,
			);
			runOnlyForDeploymentPostprocessing = 0;
		};
/* End PBXFrameworksBuildPhase section */

/* Begin PBXGroup section */
		281B51622A7B045100F4EAFC = {
			isa = PBXGroup;
			children = (
				2887768E2A82F78B00326204 /* .gitignore */,
				283C7AB62AA3693F0021BB3C /* StageGuideWidget */,
				283C7AB12AA3693F0021BB3C /* Frameworks */,
				281B516C2A7B045100F4EAFC /* Products */,
				281B516D2A7B045100F4EAFC /* StageGuide */,
			);
			sourceTree = "<group>";
		};
		281B516C2A7B045100F4EAFC /* Products */ = {
			isa = PBXGroup;
			children = (
				281B516B2A7B045100F4EAFC /* StageGuide.app */,
				283C7AB02AA3693F0021BB3C /* StageGuideWidgetExtension.appex */,
			);
			name = Products;
			sourceTree = "<group>";
		};
		281B516D2A7B045100F4EAFC /* StageGuide */ = {
			isa = PBXGroup;
			children = (
				288776902A8314B400326204 /* Data */,
				281B51982A7B2A8C00F4EAFC /* Info.plist */,
				281B517C2A7B160800F4EAFC /* Design System */,
				2867ED902A952993007065A6 /* Views */,
				28F7777B2A9E8B470073DD93 /* ViewModels */,
				281B516E2A7B045100F4EAFC /* StageGuideApp.swift */,
				28892D112AA3AA29005B5E16 /* LiveActivityRefresh.swift */,
				281B51702A7B045100F4EAFC /* ContentView.swift */,
				281B51722A7B045200F4EAFC /* Assets.xcassets */,
				281B51742A7B045200F4EAFC /* Preview Content */,
				281B519D2A7B395C00F4EAFC /* Extensions.swift */,
			);
			path = StageGuide;
			sourceTree = "<group>";
		};
		281B51742A7B045200F4EAFC /* Preview Content */ = {
			isa = PBXGroup;
			children = (
				281B51752A7B045200F4EAFC /* Preview Assets.xcassets */,
			);
			path = "Preview Content";
			sourceTree = "<group>";
		};
		281B517C2A7B160800F4EAFC /* Design System */ = {
			isa = PBXGroup;
			children = (
				281B517D2A7B161300F4EAFC /* Components */,
				281B518D2A7B273D00F4EAFC /* Foundations */,
				288776962A85741A00326204 /* Patterns */,
				281B51A72A7C8D1300F4EAFC /* Utilities */,
			);
			path = "Design System";
			sourceTree = "<group>";
		};
		281B517D2A7B161300F4EAFC /* Components */ = {
			isa = PBXGroup;
			children = (
				281B517E2A7B164C00F4EAFC /* Acts */,
				281B517F2A7B165600F4EAFC /* Avatars */,
				281B51802A7B165A00F4EAFC /* Badges */,
				281B51812A7B166300F4EAFC /* Buttons */,
				281B51822A7B166700F4EAFC /* Cards */,
				281B51832A7B166A00F4EAFC /* Carousel */,
				281B51842A7B167200F4EAFC /* Inputs */,
				281B51862A7B167A00F4EAFC /* Navigation */,
				281B51872A7B168100F4EAFC /* Playlist */,
				281B51882A7B168600F4EAFC /* Settings */,
				2867ED8A2A9156B1007065A6 /* Sheets */,
				281B51892A7B168A00F4EAFC /* Stages */,
				281B518A2A7B168F00F4EAFC /* Sticker */,
				2867ED8D2A917901007065A6 /* Text */,
			);
			path = Components;
			sourceTree = "<group>";
		};
		281B517E2A7B164C00F4EAFC /* Acts */ = {
			isa = PBXGroup;
			children = (
				28A2F0512A81C73D006A59DA /* SGActTimeline.swift */,
				28A2F0582A82DD8C006A59DA /* SGActSchedule.swift */,
				28A2F05A2A82E250006A59DA /* SGActFeatured.swift */,
			);
			path = Acts;
			sourceTree = "<group>";
		};
		281B517F2A7B165600F4EAFC /* Avatars */ = {
			isa = PBXGroup;
			children = (
			);
			path = Avatars;
			sourceTree = "<group>";
		};
		281B51802A7B165A00F4EAFC /* Badges */ = {
			isa = PBXGroup;
			children = (
				281B518B2A7B1C7A00F4EAFC /* SGLiveBadge.swift */,
			);
			path = Badges;
			sourceTree = "<group>";
		};
		281B51812A7B166300F4EAFC /* Buttons */ = {
			isa = PBXGroup;
			children = (
				281B519F2A7C6FCA00F4EAFC /* SGButton.swift */,
				281B51A52A7C837200F4EAFC /* SGPillButton.swift */,
				281777202A7D86BB00D2EF40 /* SGCircleButton.swift */,
				281777222A7D916700D2EF40 /* SGAddButton.swift */,
			);
			path = Buttons;
			sourceTree = "<group>";
		};
		281B51822A7B166700F4EAFC /* Cards */ = {
			isa = PBXGroup;
			children = (
			);
			path = Cards;
			sourceTree = "<group>";
		};
		281B51832A7B166A00F4EAFC /* Carousel */ = {
			isa = PBXGroup;
			children = (
			);
			path = Carousel;
			sourceTree = "<group>";
		};
		281B51842A7B167200F4EAFC /* Inputs */ = {
			isa = PBXGroup;
			children = (
			);
			path = Inputs;
			sourceTree = "<group>";
		};
		281B51862A7B167A00F4EAFC /* Navigation */ = {
			isa = PBXGroup;
			children = (
				2867EDA02A97FA7E007065A6 /* SGTopNav.swift */,
			);
			path = Navigation;
			sourceTree = "<group>";
		};
		281B51872A7B168100F4EAFC /* Playlist */ = {
			isa = PBXGroup;
			children = (
			);
			path = Playlist;
			sourceTree = "<group>";
		};
		281B51882A7B168600F4EAFC /* Settings */ = {
			isa = PBXGroup;
			children = (
				2817775A2A7F156C00D2EF40 /* SGSubscriptionPerk.swift */,
				28A2F04F2A81BB03006A59DA /* SGAppIconButton.swift */,
			);
			path = Settings;
			sourceTree = "<group>";
		};
		281B51892A7B168A00F4EAFC /* Stages */ = {
			isa = PBXGroup;
			children = (
			);
			path = Stages;
			sourceTree = "<group>";
		};
		281B518A2A7B168F00F4EAFC /* Sticker */ = {
			isa = PBXGroup;
			children = (
			);
			path = Sticker;
			sourceTree = "<group>";
		};
		281B518D2A7B273D00F4EAFC /* Foundations */ = {
			isa = PBXGroup;
			children = (
				281B51A12A7C7DDC00F4EAFC /* Fonts */,
			);
			path = Foundations;
			sourceTree = "<group>";
		};
		281B51A12A7C7DDC00F4EAFC /* Fonts */ = {
			isa = PBXGroup;
			children = (
				281B51922A7B29E400F4EAFC /* Satoshi-Bold.otf */,
				281B51912A7B29E400F4EAFC /* Satoshi-BoldItalic.otf */,
				281B51932A7B29E400F4EAFC /* Satoshi-Italic.otf */,
				281B51902A7B29E400F4EAFC /* Satoshi-Regular.otf */,
				281B519B2A7B30A400F4EAFC /* CustomFonts.swift */,
			);
			path = Fonts;
			sourceTree = "<group>";
		};
		281B51A72A7C8D1300F4EAFC /* Utilities */ = {
			isa = PBXGroup;
			children = (
				281B51A82A7C8D2200F4EAFC /* Placeholders.swift */,
				2887769A2A858A1F00326204 /* Schedules.swift */,
				2867ED982A9697EB007065A6 /* Links.swift */,
			);
			path = Utilities;
			sourceTree = "<group>";
		};
		283C7AB12AA3693F0021BB3C /* Frameworks */ = {
			isa = PBXGroup;
			children = (
				283C7AB22AA3693F0021BB3C /* WidgetKit.framework */,
				283C7AB42AA3693F0021BB3C /* SwiftUI.framework */,
			);
			name = Frameworks;
			sourceTree = "<group>";
		};
		283C7AB62AA3693F0021BB3C /* StageGuideWidget */ = {
			isa = PBXGroup;
			children = (
				283C7AB72AA3693F0021BB3C /* StageGuideWidgetBundle.swift */,
				283C7AB92AA3693F0021BB3C /* StageGuideWidgetLiveActivity.swift */,
				283C7ABB2AA3693F0021BB3C /* StageGuideWidget.swift */,
				283C7ABD2AA369400021BB3C /* Assets.xcassets */,
				283C7ABF2AA369400021BB3C /* Info.plist */,
			);
			path = StageGuideWidget;
			sourceTree = "<group>";
		};
		2867ED8A2A9156B1007065A6 /* Sheets */ = {
			isa = PBXGroup;
			children = (
				2867ED8B2A9156D3007065A6 /* SGActDetailSheet.swift */,
			);
			path = Sheets;
			sourceTree = "<group>";
		};
		2867ED8D2A917901007065A6 /* Text */ = {
			isa = PBXGroup;
			children = (
				2867ED8E2A917911007065A6 /* SGReadMore.swift */,
			);
			path = Text;
			sourceTree = "<group>";
		};
		2867ED902A952993007065A6 /* Views */ = {
			isa = PBXGroup;
			children = (
				2867ED912A9529A7007065A6 /* FullScheduleView.swift */,
				2878C8C22A99082A00AA14B2 /* YourScheduleView.swift */,
				2867EDA22A980D3D007065A6 /* SettingsView.swift */,
				28F777802A9EB8E70073DD93 /* EventInfoView.swift */,
			);
			path = Views;
			sourceTree = "<group>";
		};
		2867ED9A2A969E34007065A6 /* Links */ = {
			isa = PBXGroup;
			children = (
				2867ED9B2A969E41007065A6 /* SGLinkList.swift */,
			);
			path = Links;
			sourceTree = "<group>";
		};
		288776902A8314B400326204 /* Data */ = {
			isa = PBXGroup;
			children = (
				288776912A8314CB00326204 /* Riverside.xcdatamodeld */,
				288776942A831B7C00326204 /* Riverside.swift */,
				28F035552A8C404B009719C2 /* FestivalModels.swift */,
				28F789B92A8E8E1D00051F5E /* PersistenceController.swift */,
				283C7AC72AA36A1F0021BB3C /* LiveScheduleAttributes.swift */,
			);
			path = Data;
			sourceTree = "<group>";
		};
		288776962A85741A00326204 /* Patterns */ = {
			isa = PBXGroup;
			children = (
				2867ED9A2A969E34007065A6 /* Links */,
				288776972A85742400326204 /* Lineup */,
			);
			path = Patterns;
			sourceTree = "<group>";
		};
		288776972A85742400326204 /* Lineup */ = {
			isa = PBXGroup;
			children = (
				288776982A85743300326204 /* SGLineupSchedule.swift */,
				2887769C2A8AB8C200326204 /* SGLineupAlphabetical.swift */,
				28F035532A8C3D9B009719C2 /* SGLineupTimeline.swift */,
				2867ED932A952A38007065A6 /* SGFeaturedActs.swift */,
			);
			path = Lineup;
			sourceTree = "<group>";
		};
		28F7777B2A9E8B470073DD93 /* ViewModels */ = {
			isa = PBXGroup;
			children = (
				282EEF992A91184B00BE6BE7 /* SGActViewModel.swift */,
			);
			path = ViewModels;
			sourceTree = "<group>";
		};
/* End PBXGroup section */

/* Begin PBXNativeTarget section */
		281B516A2A7B045100F4EAFC /* StageGuide */ = {
			isa = PBXNativeTarget;
			buildConfigurationList = 281B51792A7B045200F4EAFC /* Build configuration list for PBXNativeTarget "StageGuide" */;
			buildPhases = (
				281B51672A7B045100F4EAFC /* Sources */,
				281B51682A7B045100F4EAFC /* Frameworks */,
				281B51692A7B045100F4EAFC /* Resources */,
				283C7AC32AA369400021BB3C /* Embed Foundation Extensions */,
			);
			buildRules = (
			);
			dependencies = (
				283C7AC12AA369400021BB3C /* PBXTargetDependency */,
			);
			name = StageGuide;
			packageProductDependencies = (
				2867ED9E2A96A57B007065A6 /* WrappingHStack */,
			);
			productName = StageGuide;
			productReference = 281B516B2A7B045100F4EAFC /* StageGuide.app */;
			productType = "com.apple.product-type.application";
		};
		283C7AAF2AA3693F0021BB3C /* StageGuideWidgetExtension */ = {
			isa = PBXNativeTarget;
			buildConfigurationList = 283C7AC62AA369400021BB3C /* Build configuration list for PBXNativeTarget "StageGuideWidgetExtension" */;
			buildPhases = (
				283C7AAC2AA3693F0021BB3C /* Sources */,
				283C7AAD2AA3693F0021BB3C /* Frameworks */,
				283C7AAE2AA3693F0021BB3C /* Resources */,
			);
			buildRules = (
			);
			dependencies = (
			);
			name = StageGuideWidgetExtension;
			productName = StageGuideWidgetExtension;
			productReference = 283C7AB02AA3693F0021BB3C /* StageGuideWidgetExtension.appex */;
			productType = "com.apple.product-type.app-extension";
		};
/* End PBXNativeTarget section */

/* Begin PBXProject section */
		281B51632A7B045100F4EAFC /* Project object */ = {
			isa = PBXProject;
			attributes = {
				BuildIndependentTargetsInParallel = 1;
				LastSwiftUpdateCheck = 1430;
				LastUpgradeCheck = 1430;
				TargetAttributes = {
					281B516A2A7B045100F4EAFC = {
						CreatedOnToolsVersion = 14.3.1;
					};
					283C7AAF2AA3693F0021BB3C = {
						CreatedOnToolsVersion = 14.3.1;
					};
				};
			};
			buildConfigurationList = 281B51662A7B045100F4EAFC /* Build configuration list for PBXProject "StageGuide" */;
			compatibilityVersion = "Xcode 14.0";
			developmentRegion = en;
			hasScannedForEncodings = 0;
			knownRegions = (
				en,
				Base,
			);
			mainGroup = 281B51622A7B045100F4EAFC;
			packageReferences = (
				2867ED9D2A96A57B007065A6 /* XCRemoteSwiftPackageReference "WrappingHStack" */,
			);
			productRefGroup = 281B516C2A7B045100F4EAFC /* Products */;
			projectDirPath = "";
			projectRoot = "";
			targets = (
				281B516A2A7B045100F4EAFC /* StageGuide */,
				283C7AAF2AA3693F0021BB3C /* StageGuideWidgetExtension */,
			);
		};
/* End PBXProject section */

/* Begin PBXResourcesBuildPhase section */
		281B51692A7B045100F4EAFC /* Resources */ = {
			isa = PBXResourcesBuildPhase;
			buildActionMask = 2147483647;
			files = (
				281B51952A7B29E400F4EAFC /* Satoshi-BoldItalic.otf in Resources */,
				2887768F2A82F78B00326204 /* .gitignore in Resources */,
				281B51762A7B045200F4EAFC /* Preview Assets.xcassets in Resources */,
				281B51732A7B045200F4EAFC /* Assets.xcassets in Resources */,
				281B51962A7B29E400F4EAFC /* Satoshi-Bold.otf in Resources */,
				281B51942A7B29E400F4EAFC /* Satoshi-Regular.otf in Resources */,
				281B51972A7B29E400F4EAFC /* Satoshi-Italic.otf in Resources */,
			);
			runOnlyForDeploymentPostprocessing = 0;
		};
		283C7AAE2AA3693F0021BB3C /* Resources */ = {
			isa = PBXResourcesBuildPhase;
			buildActionMask = 2147483647;
			files = (
				283C7ACB2AA37A2D0021BB3C /* Assets.xcassets in Resources */,
				283C7ABE2AA369400021BB3C /* Assets.xcassets in Resources */,
			);
			runOnlyForDeploymentPostprocessing = 0;
		};
/* End PBXResourcesBuildPhase section */

/* Begin PBXSourcesBuildPhase section */
		281B51672A7B045100F4EAFC /* Sources */ = {
			isa = PBXSourcesBuildPhase;
			buildActionMask = 2147483647;
			files = (
				28A2F0502A81BB03006A59DA /* SGAppIconButton.swift in Sources */,
				28F789BA2A8E8E1D00051F5E /* PersistenceController.swift in Sources */,
				28F035562A8C404B009719C2 /* FestivalModels.swift in Sources */,
				283C7AC82AA36A1F0021BB3C /* LiveScheduleAttributes.swift in Sources */,
				281B519E2A7B395C00F4EAFC /* Extensions.swift in Sources */,
				281B51A62A7C837200F4EAFC /* SGPillButton.swift in Sources */,
				281B518C2A7B1C7A00F4EAFC /* SGLiveBadge.swift in Sources */,
				28892D122AA3AA29005B5E16 /* LiveActivityRefresh.swift in Sources */,
				281B51A92A7C8D2200F4EAFC /* Placeholders.swift in Sources */,
				28F035542A8C3D9B009719C2 /* SGLineupTimeline.swift in Sources */,
				2867ED8C2A9156D3007065A6 /* SGActDetailSheet.swift in Sources */,
				288776992A85743300326204 /* SGLineupSchedule.swift in Sources */,
				2867ED9C2A969E41007065A6 /* SGLinkList.swift in Sources */,
				2878C8C32A99082A00AA14B2 /* YourScheduleView.swift in Sources */,
				281B519C2A7B30A400F4EAFC /* CustomFonts.swift in Sources */,
				281777212A7D86BB00D2EF40 /* SGCircleButton.swift in Sources */,
				2867ED8F2A917911007065A6 /* SGReadMore.swift in Sources */,
				28F777812A9EB8E70073DD93 /* EventInfoView.swift in Sources */,
				2817775B2A7F156C00D2EF40 /* SGSubscriptionPerk.swift in Sources */,
				281B51712A7B045100F4EAFC /* ContentView.swift in Sources */,
				281B516F2A7B045100F4EAFC /* StageGuideApp.swift in Sources */,
				28A2F0522A81C73D006A59DA /* SGActTimeline.swift in Sources */,
				288776932A8314CB00326204 /* Riverside.xcdatamodeld in Sources */,
				2867EDA12A97FA7E007065A6 /* SGTopNav.swift in Sources */,
				28A2F0592A82DD8C006A59DA /* SGActSchedule.swift in Sources */,
				288776952A831B7C00326204 /* Riverside.swift in Sources */,
				2867ED942A952A38007065A6 /* SGFeaturedActs.swift in Sources */,
				28A2F05B2A82E250006A59DA /* SGActFeatured.swift in Sources */,
				281B51A02A7C6FCA00F4EAFC /* SGButton.swift in Sources */,
				2867EDA32A980D3D007065A6 /* SettingsView.swift in Sources */,
				2867ED922A9529A7007065A6 /* FullScheduleView.swift in Sources */,
				2867ED992A9697EB007065A6 /* Links.swift in Sources */,
				2887769B2A858A1F00326204 /* Schedules.swift in Sources */,
				282EEF9A2A91184B00BE6BE7 /* SGActViewModel.swift in Sources */,
				2887769D2A8AB8C200326204 /* SGLineupAlphabetical.swift in Sources */,
				281777232A7D916700D2EF40 /* SGAddButton.swift in Sources */,
			);
			runOnlyForDeploymentPostprocessing = 0;
		};
		283C7AAC2AA3693F0021BB3C /* Sources */ = {
			isa = PBXSourcesBuildPhase;
			buildActionMask = 2147483647;
			files = (
				283C7ABC2AA3693F0021BB3C /* StageGuideWidget.swift in Sources */,
				283C7ABA2AA3693F0021BB3C /* StageGuideWidgetLiveActivity.swift in Sources */,
				283C7AB82AA3693F0021BB3C /* StageGuideWidgetBundle.swift in Sources */,
				283C7AC92AA36A1F0021BB3C /* LiveScheduleAttributes.swift in Sources */,
			);
			runOnlyForDeploymentPostprocessing = 0;
		};
/* End PBXSourcesBuildPhase section */

/* Begin PBXTargetDependency section */
		283C7AC12AA369400021BB3C /* PBXTargetDependency */ = {
			isa = PBXTargetDependency;
			target = 283C7AAF2AA3693F0021BB3C /* StageGuideWidgetExtension */;
			targetProxy = 283C7AC02AA369400021BB3C /* PBXContainerItemProxy */;
		};
/* End PBXTargetDependency section */

/* Begin XCBuildConfiguration section */
		281B51772A7B045200F4EAFC /* Debug */ = {
			isa = XCBuildConfiguration;
			buildSettings = {
				ALWAYS_SEARCH_USER_PATHS = NO;
				CLANG_ANALYZER_NONNULL = YES;
				CLANG_ANALYZER_NUMBER_OBJECT_CONVERSION = YES_AGGRESSIVE;
				CLANG_CXX_LANGUAGE_STANDARD = "gnu++20";
				CLANG_ENABLE_MODULES = YES;
				CLANG_ENABLE_OBJC_ARC = YES;
				CLANG_ENABLE_OBJC_WEAK = YES;
				CLANG_WARN_BLOCK_CAPTURE_AUTORELEASING = YES;
				CLANG_WARN_BOOL_CONVERSION = YES;
				CLANG_WARN_COMMA = YES;
				CLANG_WARN_CONSTANT_CONVERSION = YES;
				CLANG_WARN_DEPRECATED_OBJC_IMPLEMENTATIONS = YES;
				CLANG_WARN_DIRECT_OBJC_ISA_USAGE = YES_ERROR;
				CLANG_WARN_DOCUMENTATION_COMMENTS = YES;
				CLANG_WARN_EMPTY_BODY = YES;
				CLANG_WARN_ENUM_CONVERSION = YES;
				CLANG_WARN_INFINITE_RECURSION = YES;
				CLANG_WARN_INT_CONVERSION = YES;
				CLANG_WARN_NON_LITERAL_NULL_CONVERSION = YES;
				CLANG_WARN_OBJC_IMPLICIT_RETAIN_SELF = YES;
				CLANG_WARN_OBJC_LITERAL_CONVERSION = YES;
				CLANG_WARN_OBJC_ROOT_CLASS = YES_ERROR;
				CLANG_WARN_QUOTED_INCLUDE_IN_FRAMEWORK_HEADER = YES;
				CLANG_WARN_RANGE_LOOP_ANALYSIS = YES;
				CLANG_WARN_STRICT_PROTOTYPES = YES;
				CLANG_WARN_SUSPICIOUS_MOVE = YES;
				CLANG_WARN_UNGUARDED_AVAILABILITY = YES_AGGRESSIVE;
				CLANG_WARN_UNREACHABLE_CODE = YES;
				CLANG_WARN__DUPLICATE_METHOD_MATCH = YES;
				COPY_PHASE_STRIP = NO;
				DEBUG_INFORMATION_FORMAT = dwarf;
				ENABLE_STRICT_OBJC_MSGSEND = YES;
				ENABLE_TESTABILITY = YES;
				GCC_C_LANGUAGE_STANDARD = gnu11;
				GCC_DYNAMIC_NO_PIC = NO;
				GCC_NO_COMMON_BLOCKS = YES;
				GCC_OPTIMIZATION_LEVEL = 0;
				GCC_PREPROCESSOR_DEFINITIONS = (
					"DEBUG=1",
					"$(inherited)",
				);
				GCC_WARN_64_TO_32_BIT_CONVERSION = YES;
				GCC_WARN_ABOUT_RETURN_TYPE = YES_ERROR;
				GCC_WARN_UNDECLARED_SELECTOR = YES;
				GCC_WARN_UNINITIALIZED_AUTOS = YES_AGGRESSIVE;
				GCC_WARN_UNUSED_FUNCTION = YES;
				GCC_WARN_UNUSED_VARIABLE = YES;
				IPHONEOS_DEPLOYMENT_TARGET = 16.4;
				MTL_ENABLE_DEBUG_INFO = INCLUDE_SOURCE;
				MTL_FAST_MATH = YES;
				ONLY_ACTIVE_ARCH = YES;
				SDKROOT = iphoneos;
				SWIFT_ACTIVE_COMPILATION_CONDITIONS = DEBUG;
				SWIFT_OPTIMIZATION_LEVEL = "-Onone";
			};
			name = Debug;
		};
		281B51782A7B045200F4EAFC /* Release */ = {
			isa = XCBuildConfiguration;
			buildSettings = {
				ALWAYS_SEARCH_USER_PATHS = NO;
				CLANG_ANALYZER_NONNULL = YES;
				CLANG_ANALYZER_NUMBER_OBJECT_CONVERSION = YES_AGGRESSIVE;
				CLANG_CXX_LANGUAGE_STANDARD = "gnu++20";
				CLANG_ENABLE_MODULES = YES;
				CLANG_ENABLE_OBJC_ARC = YES;
				CLANG_ENABLE_OBJC_WEAK = YES;
				CLANG_WARN_BLOCK_CAPTURE_AUTORELEASING = YES;
				CLANG_WARN_BOOL_CONVERSION = YES;
				CLANG_WARN_COMMA = YES;
				CLANG_WARN_CONSTANT_CONVERSION = YES;
				CLANG_WARN_DEPRECATED_OBJC_IMPLEMENTATIONS = YES;
				CLANG_WARN_DIRECT_OBJC_ISA_USAGE = YES_ERROR;
				CLANG_WARN_DOCUMENTATION_COMMENTS = YES;
				CLANG_WARN_EMPTY_BODY = YES;
				CLANG_WARN_ENUM_CONVERSION = YES;
				CLANG_WARN_INFINITE_RECURSION = YES;
				CLANG_WARN_INT_CONVERSION = YES;
				CLANG_WARN_NON_LITERAL_NULL_CONVERSION = YES;
				CLANG_WARN_OBJC_IMPLICIT_RETAIN_SELF = YES;
				CLANG_WARN_OBJC_LITERAL_CONVERSION = YES;
				CLANG_WARN_OBJC_ROOT_CLASS = YES_ERROR;
				CLANG_WARN_QUOTED_INCLUDE_IN_FRAMEWORK_HEADER = YES;
				CLANG_WARN_RANGE_LOOP_ANALYSIS = YES;
				CLANG_WARN_STRICT_PROTOTYPES = YES;
				CLANG_WARN_SUSPICIOUS_MOVE = YES;
				CLANG_WARN_UNGUARDED_AVAILABILITY = YES_AGGRESSIVE;
				CLANG_WARN_UNREACHABLE_CODE = YES;
				CLANG_WARN__DUPLICATE_METHOD_MATCH = YES;
				COPY_PHASE_STRIP = NO;
				DEBUG_INFORMATION_FORMAT = "dwarf-with-dsym";
				ENABLE_NS_ASSERTIONS = NO;
				ENABLE_STRICT_OBJC_MSGSEND = YES;
				GCC_C_LANGUAGE_STANDARD = gnu11;
				GCC_NO_COMMON_BLOCKS = YES;
				GCC_WARN_64_TO_32_BIT_CONVERSION = YES;
				GCC_WARN_ABOUT_RETURN_TYPE = YES_ERROR;
				GCC_WARN_UNDECLARED_SELECTOR = YES;
				GCC_WARN_UNINITIALIZED_AUTOS = YES_AGGRESSIVE;
				GCC_WARN_UNUSED_FUNCTION = YES;
				GCC_WARN_UNUSED_VARIABLE = YES;
				IPHONEOS_DEPLOYMENT_TARGET = 16.4;
				MTL_ENABLE_DEBUG_INFO = NO;
				MTL_FAST_MATH = YES;
				SDKROOT = iphoneos;
				SWIFT_COMPILATION_MODE = wholemodule;
				SWIFT_OPTIMIZATION_LEVEL = "-O";
				VALIDATE_PRODUCT = YES;
			};
			name = Release;
		};
		281B517A2A7B045200F4EAFC /* Debug */ = {
			isa = XCBuildConfiguration;
			buildSettings = {
				ALWAYS_EMBED_SWIFT_STANDARD_LIBRARIES = YES;
				ASSETCATALOG_COMPILER_APPICON_NAME = AppIcon;
				ASSETCATALOG_COMPILER_GLOBAL_ACCENT_COLOR_NAME = AccentColor;
				ASSETCATALOG_COMPILER_INCLUDE_ALL_APPICON_ASSETS = YES;
				CODE_SIGN_STYLE = Automatic;
				CURRENT_PROJECT_VERSION = 2023090201;
				DEVELOPMENT_ASSET_PATHS = "\"StageGuide/Preview Content\"";
				DEVELOPMENT_TEAM = JMQQK9934E;
				ENABLE_PREVIEWS = YES;
				GENERATE_INFOPLIST_FILE = YES;
				INFOPLIST_FILE = StageGuide/Info.plist;
				INFOPLIST_KEY_NSSupportsLiveActivities = YES;
				INFOPLIST_KEY_UIApplicationSceneManifest_Generation = YES;
				INFOPLIST_KEY_UIApplicationSupportsIndirectInputEvents = YES;
				INFOPLIST_KEY_UILaunchScreen_Generation = YES;
				INFOPLIST_KEY_UISupportedInterfaceOrientations = UIInterfaceOrientationPortrait;
				INFOPLIST_KEY_UISupportedInterfaceOrientations_iPad = "UIInterfaceOrientationLandscapeLeft UIInterfaceOrientationLandscapeRight UIInterfaceOrientationPortrait UIInterfaceOrientationPortraitUpsideDown";
				IPHONEOS_DEPLOYMENT_TARGET = 16.1;
				LD_RUNPATH_SEARCH_PATHS = (
					"$(inherited)",
					"@executable_path/Frameworks",
				);
				MARKETING_VERSION = 1.0;
				PRODUCT_BUNDLE_IDENTIFIER = ca.sekei.StageGuide;
				PRODUCT_NAME = "$(TARGET_NAME)";
				SUPPORTED_PLATFORMS = "iphoneos iphonesimulator";
				SUPPORTS_MACCATALYST = NO;
				SUPPORTS_MAC_DESIGNED_FOR_IPHONE_IPAD = NO;
				SUPPORTS_XR_DESIGNED_FOR_IPHONE_IPAD = NO;
				SWIFT_EMIT_LOC_STRINGS = YES;
				SWIFT_VERSION = 5.0;
				TARGETED_DEVICE_FAMILY = 1;
			};
			name = Debug;
		};
		281B517B2A7B045200F4EAFC /* Release */ = {
			isa = XCBuildConfiguration;
			buildSettings = {
				ALWAYS_EMBED_SWIFT_STANDARD_LIBRARIES = YES;
				ASSETCATALOG_COMPILER_APPICON_NAME = AppIcon;
				ASSETCATALOG_COMPILER_GLOBAL_ACCENT_COLOR_NAME = AccentColor;
				ASSETCATALOG_COMPILER_INCLUDE_ALL_APPICON_ASSETS = YES;
				CODE_SIGN_STYLE = Automatic;
				CURRENT_PROJECT_VERSION = 2023090201;
				DEVELOPMENT_ASSET_PATHS = "\"StageGuide/Preview Content\"";
				DEVELOPMENT_TEAM = JMQQK9934E;
				ENABLE_PREVIEWS = YES;
				GENERATE_INFOPLIST_FILE = YES;
				INFOPLIST_FILE = StageGuide/Info.plist;
				INFOPLIST_KEY_NSSupportsLiveActivities = YES;
				INFOPLIST_KEY_UIApplicationSceneManifest_Generation = YES;
				INFOPLIST_KEY_UIApplicationSupportsIndirectInputEvents = YES;
				INFOPLIST_KEY_UILaunchScreen_Generation = YES;
				INFOPLIST_KEY_UISupportedInterfaceOrientations = UIInterfaceOrientationPortrait;
				INFOPLIST_KEY_UISupportedInterfaceOrientations_iPad = "UIInterfaceOrientationLandscapeLeft UIInterfaceOrientationLandscapeRight UIInterfaceOrientationPortrait UIInterfaceOrientationPortraitUpsideDown";
				IPHONEOS_DEPLOYMENT_TARGET = 16.1;
				LD_RUNPATH_SEARCH_PATHS = (
					"$(inherited)",
					"@executable_path/Frameworks",
				);
				MARKETING_VERSION = 1.0;
				PRODUCT_BUNDLE_IDENTIFIER = ca.sekei.StageGuide;
				PRODUCT_NAME = "$(TARGET_NAME)";
				SUPPORTED_PLATFORMS = "iphoneos iphonesimulator";
				SUPPORTS_MACCATALYST = NO;
				SUPPORTS_MAC_DESIGNED_FOR_IPHONE_IPAD = NO;
				SUPPORTS_XR_DESIGNED_FOR_IPHONE_IPAD = NO;
				SWIFT_EMIT_LOC_STRINGS = YES;
				SWIFT_VERSION = 5.0;
				TARGETED_DEVICE_FAMILY = 1;
			};
			name = Release;
		};
		283C7AC42AA369400021BB3C /* Debug */ = {
			isa = XCBuildConfiguration;
			buildSettings = {
				ASSETCATALOG_COMPILER_GLOBAL_ACCENT_COLOR_NAME = AccentColor;
				ASSETCATALOG_COMPILER_WIDGET_BACKGROUND_COLOR_NAME = WidgetBackground;
				CODE_SIGN_STYLE = Automatic;
				CURRENT_PROJECT_VERSION = 2023090201;
				DEVELOPMENT_TEAM = JMQQK9934E;
				GENERATE_INFOPLIST_FILE = YES;
				INFOPLIST_FILE = StageGuideWidget/Info.plist;
				INFOPLIST_KEY_CFBundleDisplayName = StageGuideWidget;
				INFOPLIST_KEY_NSHumanReadableCopyright = "";
				LD_RUNPATH_SEARCH_PATHS = (
					"$(inherited)",
					"@executable_path/Frameworks",
					"@executable_path/../../Frameworks",
				);
				MARKETING_VERSION = 1.0;
				PRODUCT_BUNDLE_IDENTIFIER = ca.sekei.StageGuide.StageGuideWidget;
				PRODUCT_NAME = "$(TARGET_NAME)";
				SKIP_INSTALL = YES;
				SWIFT_EMIT_LOC_STRINGS = YES;
				SWIFT_VERSION = 5.0;
				TARGETED_DEVICE_FAMILY = "1,2";
			};
			name = Debug;
		};
		283C7AC52AA369400021BB3C /* Release */ = {
			isa = XCBuildConfiguration;
			buildSettings = {
				ASSETCATALOG_COMPILER_GLOBAL_ACCENT_COLOR_NAME = AccentColor;
				ASSETCATALOG_COMPILER_WIDGET_BACKGROUND_COLOR_NAME = WidgetBackground;
				CODE_SIGN_STYLE = Automatic;
				CURRENT_PROJECT_VERSION = 2023090201;
				DEVELOPMENT_TEAM = JMQQK9934E;
				GENERATE_INFOPLIST_FILE = YES;
				INFOPLIST_FILE = StageGuideWidget/Info.plist;
				INFOPLIST_KEY_CFBundleDisplayName = StageGuideWidget;
				INFOPLIST_KEY_NSHumanReadableCopyright = "";
				LD_RUNPATH_SEARCH_PATHS = (
					"$(inherited)",
					"@executable_path/Frameworks",
					"@executable_path/../../Frameworks",
				);
				MARKETING_VERSION = 1.0;
				PRODUCT_BUNDLE_IDENTIFIER = ca.sekei.StageGuide.StageGuideWidget;
				PRODUCT_NAME = "$(TARGET_NAME)";
				SKIP_INSTALL = YES;
				SWIFT_EMIT_LOC_STRINGS = YES;
				SWIFT_VERSION = 5.0;
				TARGETED_DEVICE_FAMILY = "1,2";
			};
			name = Release;
		};
/* End XCBuildConfiguration section */

/* Begin XCConfigurationList section */
		281B51662A7B045100F4EAFC /* Build configuration list for PBXProject "StageGuide" */ = {
			isa = XCConfigurationList;
			buildConfigurations = (
				281B51772A7B045200F4EAFC /* Debug */,
				281B51782A7B045200F4EAFC /* Release */,
			);
			defaultConfigurationIsVisible = 0;
			defaultConfigurationName = Release;
		};
		281B51792A7B045200F4EAFC /* Build configuration list for PBXNativeTarget "StageGuide" */ = {
			isa = XCConfigurationList;
			buildConfigurations = (
				281B517A2A7B045200F4EAFC /* Debug */,
				281B517B2A7B045200F4EAFC /* Release */,
			);
			defaultConfigurationIsVisible = 0;
			defaultConfigurationName = Release;
		};
		283C7AC62AA369400021BB3C /* Build configuration list for PBXNativeTarget "StageGuideWidgetExtension" */ = {
			isa = XCConfigurationList;
			buildConfigurations = (
				283C7AC42AA369400021BB3C /* Debug */,
				283C7AC52AA369400021BB3C /* Release */,
			);
			defaultConfigurationIsVisible = 0;
			defaultConfigurationName = Release;
		};
/* End XCConfigurationList section */

/* Begin XCRemoteSwiftPackageReference section */
		2867ED9D2A96A57B007065A6 /* XCRemoteSwiftPackageReference "WrappingHStack" */ = {
			isa = XCRemoteSwiftPackageReference;
			repositoryURL = "https://github.com/dkk/WrappingHStack";
			requirement = {
				kind = upToNextMajorVersion;
				minimumVersion = 2.2.10;
			};
		};
/* End XCRemoteSwiftPackageReference section */

/* Begin XCSwiftPackageProductDependency section */
		2867ED9E2A96A57B007065A6 /* WrappingHStack */ = {
			isa = XCSwiftPackageProductDependency;
			package = 2867ED9D2A96A57B007065A6 /* XCRemoteSwiftPackageReference "WrappingHStack" */;
			productName = WrappingHStack;
		};
/* End XCSwiftPackageProductDependency section */

/* Begin XCVersionGroup section */
		288776912A8314CB00326204 /* Riverside.xcdatamodeld */ = {
			isa = XCVersionGroup;
			children = (
				288776922A8314CB00326204 /* Riverside.xcdatamodel */,
			);
			currentVersion = 288776922A8314CB00326204 /* Riverside.xcdatamodel */;
			path = Riverside.xcdatamodeld;
			sourceTree = "<group>";
			versionGroupType = wrapper.xcdatamodel;
		};
/* End XCVersionGroup section */
	};
	rootObject = 281B51632A7B045100F4EAFC /* Project object */;
}
